
Microsoft Visual Studio Solution File, Format Version 12.00
# Visual Studio Version 16
VisualStudioVersion = 16.0.30128.74
MinimumVisualStudioVersion = 10.0.40219.1
Project("{FAE04EC0-301F-11D3-BF4B-00C04F79EFBC}") = "Tema1MVP", "Tema1MVP.csproj", "{B9F2761F-D140-4477-9A19-4739AFAA86E0}"
EndProject
Global
	GlobalSection(SolutionConfigurationPlatforms) = preSolution
		Debug|Any CPU = Debug|Any CPU
		Release|Any CPU = Release|Any CPU
	EndGlobalSection
	GlobalSection(ProjectConfigurationPlatforms) = postSolution
		{B9F2761F-D140-4477-9A19-4739AFAA86E0}.Debug|Any CPU.ActiveCfg = Debug|Any CPU
		{B9F2761F-D140-4477-9A19-4739AFAA86E0}.Debug|Any CPU.Build.0 = Debug|Any CPU
		{B9F2761F-D140-4477-9A19-4739AFAA86E0}.Release|Any CPU.ActiveCfg = Release|Any CPU
		{B9F2761F-D140-4477-9A19-4739AFAA86E0}.Release|Any CPU.Build.0 = Release|Any CPU
	EndGlobalSection
	GlobalSection(SolutionProperties) = preSolution
		HideSolutionNode = FALSE
	EndGlobalSection
	GlobalSection(ExtensibilityGlobals) = postSolution
		SolutionGuid = {22373A22-E772-4CE8-820A-86C9983B1C50}
	EndGlobalSection
EndGlobal
